{
  "pins" : [
    {
      "identity" : "swiftannoy",
      "kind" : "remoteSourceControl",
      "location" : "https://github.com/jbadger3/SwiftAnnoy",
      "state" : {
        "revision" : "6d90636e22510c2f0798f9f8ff072109e345750a",
        "version" : "1.1.0"
      }
    }
  ],
  "version" : 2
}
